
Microsoft Visual Studio Solution File, Format Version 12.00
# Visual Studio Version 18
VisualStudioVersion = 18.1.11312.151
MinimumVisualStudioVersion = 10.0.40219.1
Project("{FAE04EC0-301F-11D3-BF4B-00C04F79EFBC}") = "Oyster", "Oyster\Oyster.csproj", "{80744712-6AF1-47C8-B600-2B36EAF159B4}"
EndProject
Project("{FAE04EC0-301F-11D3-BF4B-00C04F79EFBC}") = "UnitTests", "UnitTests\UnitTests.csproj", "{CE9DCD74-8B8F-4C7A-84B5-8317D2C2DEE9}"
EndProject
Global
	GlobalSection(SolutionConfigurationPlatforms) = preSolution
		Debug|Any CPU = Debug|Any CPU
		Release|Any CPU = Release|Any CPU
	EndGlobalSection
	GlobalSection(ProjectConfigurationPlatforms) = postSolution
		{80744712-6AF1-47C8-B600-2B36EAF159B4}.Debug|Any CPU.ActiveCfg = Debug|Any CPU
		{80744712-6AF1-47C8-B600-2B36EAF159B4}.Debug|Any CPU.Build.0 = Debug|Any CPU
		{80744712-6AF1-47C8-B600-2B36EAF159B4}.Release|Any CPU.ActiveCfg = Release|Any CPU
		{80744712-6AF1-47C8-B600-2B36EAF159B4}.Release|Any CPU.Build.0 = Release|Any CPU
		{CE9DCD74-8B8F-4C7A-84B5-8317D2C2DEE9}.Debug|Any CPU.ActiveCfg = Debug|Any CPU
		{CE9DCD74-8B8F-4C7A-84B5-8317D2C2DEE9}.Debug|Any CPU.Build.0 = Debug|Any CPU
		{CE9DCD74-8B8F-4C7A-84B5-8317D2C2DEE9}.Release|Any CPU.ActiveCfg = Release|Any CPU
		{CE9DCD74-8B8F-4C7A-84B5-8317D2C2DEE9}.Release|Any CPU.Build.0 = Release|Any CPU
	EndGlobalSection
	GlobalSection(SolutionProperties) = preSolution
		HideSolutionNode = FALSE
	EndGlobalSection
	GlobalSection(ExtensibilityGlobals) = postSolution
		SolutionGuid = {3EC2454A-DD86-4AB3-B76D-51870F3C46CB}
	EndGlobalSection
EndGlobal
